// !$*UTF8*$!
{
	archiveVersion = 1;
	classes = {
	};
	objectVersion = 46;
	objects = {

/* Begin PBXBuildFile section */
		08BE0DBD1DE35EA70011E0BB /* AppDelegate.swift in Sources */ = {isa = PBXBuildFile; fileRef = 08BE0DBC1DE35EA70011E0BB /* AppDelegate.swift */; };
		08BE0DC21DE35EA70011E0BB /* Main.storyboard in Resources */ = {isa = PBXBuildFile; fileRef = 08BE0DC01DE35EA70011E0BB /* Main.storyboard */; };
		08BE0DC41DE35EA70011E0BB /* Assets.xcassets in Resources */ = {isa = PBXBuildFile; fileRef = 08BE0DC31DE35EA70011E0BB /* Assets.xcassets */; };
		08BE0DC71DE35EA70011E0BB /* LaunchScreen.storyboard in Resources */ = {isa = PBXBuildFile; fileRef = 08BE0DC51DE35EA70011E0BB /* LaunchScreen.storyboard */; };
		08BE0DCF1DE379C80011E0BB /* TableViewController.swift in Sources */ = {isa = PBXBuildFile; fileRef = 08BE0DCE1DE379C80011E0BB /* TableViewController.swift */; };
		08BE0DD11DE3810B0011E0BB /* SwiftyJSON.swift in Sources */ = {isa = PBXBuildFile; fileRef = 08BE0DD01DE3810B0011E0BB /* SwiftyJSON.swift */; };
/* End PBXBuildFile section */

/* Begin PBXFileReference section */
		08BE0DB91DE35EA70011E0BB /* WhitehousePetitions.app */ = {isa = PBXFileReference; explicitFileType = wrapper.application; includeInIndex = 0; path = WhitehousePetitions.app; sourceTree = BUILT_PRODUCTS_DIR; };
		08BE0DBC1DE35EA70011E0BB /* AppDelegate.swift */ = {isa = PBXFileReference; lastKnownFileType = sourcecode.swift; path = AppDelegate.swift; sourceTree = "<group>"; };
		08BE0DC11DE35EA70011E0BB /* Base */ = {isa = PBXFileReference; lastKnownFileType = file.storyboard; name = Base; path = Base.lproj/Main.storyboard; sourceTree = "<group>"; };
		08BE0DC31DE35EA70011E0BB /* Assets.xcassets */ = {isa = PBXFileReference; lastKnownFileType = folder.assetcatalog; path = Assets.xcassets; sourceTree = "<group>"; };
		08BE0DC61DE35EA70011E0BB /* Base */ = {isa = PBXFileReference; lastKnownFileType = file.storyboard; name = Base; path = Base.lproj/LaunchScreen.storyboard; sourceTree = "<group>"; };
		08BE0DC81DE35EA70011E0BB /* Info.plist */ = {isa = PBXFileReference; lastKnownFileType = text.plist.xml; path = Info.plist; sourceTree = "<group>"; };
		08BE0DCE1DE379C80011E0BB /* TableViewController.swift */ = {isa = PBXFileReference; fileEncoding = 4; lastKnownFileType = sourcecode.swift; path = TableViewController.swift; sourceTree = "<group>"; };
		08BE0DD01DE3810B0011E0BB /* SwiftyJSON.swift */ = {isa = PBXFileReference; fileEncoding = 4; lastKnownFileType = sourcecode.swift; path = SwiftyJSON.swift; sourceTree = "<group>"; };
/* End PBXFileReference section */

/* Begin PBXFrameworksBuildPhase section */
		08BE0DB61DE35EA70011E0BB /* Frameworks */ = {
			isa = PBXFrameworksBuildPhase;
			buildActionMask = 2147483647;
			files = (
			);
			runOnlyForDeploymentPostprocessing = 0;
		};
/* End PBXFrameworksBuildPhase section */

/* Begin PBXGroup section */
		08BE0DB01DE35EA70011E0BB = {
			isa = PBXGroup;
			children = (
				08BE0DBB1DE35EA70011E0BB /* WhitehousePetitions */,
				08BE0DBA1DE35EA70011E0BB /* Products */,
			);
			sourceTree = "<group>";
		};
		08BE0DBA1DE35EA70011E0BB /* Products */ = {
			isa = PBXGroup;
			children = (
				08BE0DB91DE35EA70011E0BB /* WhitehousePetitions.app */,
			);
			name = Products;
			sourceTree = "<group>";
		};
		08BE0DBB1DE35EA70011E0BB /* WhitehousePetitions */ = {
			isa = PBXGroup;
			children = (
				08BE0DBC1DE35EA70011E0BB /* AppDelegate.swift */,
				08BE0DCE1DE379C80011E0BB /* TableViewController.swift */,
				08BE0DC01DE35EA70011E0BB /* Main.storyboard */,
				08BE0DC31DE35EA70011E0BB /* Assets.xcassets */,
				08BE0DC51DE35EA70011E0BB /* LaunchScreen.storyboard */,
				08BE0DC81DE35EA70011E0BB /* Info.plist */,
				08BE0DD01DE3810B0011E0BB /* SwiftyJSON.swift */,
			);
			path = WhitehousePetitions;
			sourceTree = "<group>";
		};
/* End PBXGroup section */

/* Begin PBXNativeTarget section */
		08BE0DB81DE35EA70011E0BB /* WhitehousePetitions */ = {
			isa = PBXNativeTarget;
			buildConfigurationList = 08BE0DCB1DE35EA70011E0BB /* Build configuration list for PBXNativeTarget "WhitehousePetitions" */;
			buildPhases = (
				08BE0DB51DE35EA70011E0BB /* Sources */,
				08BE0DB61DE35EA70011E0BB /* Frameworks */,
				08BE0DB71DE35EA70011E0BB /* Resources */,
			);
			buildRules = (
			);
			dependencies = (
			);
			name = WhitehousePetitions;
			productName = WhitehousePetitions;
			productReference = 08BE0DB91DE35EA70011E0BB /* WhitehousePetitions.app */;
			productType = "com.apple.product-type.application";
		};
/* End PBXNativeTarget section */

/* Begin PBXProject section */
		08BE0DB11DE35EA70011E0BB /* Project object */ = {
			isa = PBXProject;
			attributes = {
				LastSwiftUpdateCheck = 0810;
				LastUpgradeCheck = 0810;
				ORGANIZATIONNAME = "Денис Трясунов";
				TargetAttributes = {
					08BE0DB81DE35EA70011E0BB = {
						CreatedOnToolsVersion = 8.1;
						DevelopmentTeam = Y7QY22UYMJ;
						ProvisioningStyle = Automatic;
					};
				};
			};
			buildConfigurationList = 08BE0DB41DE35EA70011E0BB /* Build configuration list for PBXProject "WhitehousePetitions" */;
			compatibilityVersion = "Xcode 3.2";
			developmentRegion = English;
			hasScannedForEncodings = 0;
			knownRegions = (
				en,
				Base,
			);
			mainGroup = 08BE0DB01DE35EA70011E0BB;
			productRefGroup = 08BE0DBA1DE35EA70011E0BB /* Products */;
			projectDirPath = "";
			projectRoot = "";
			targets = (
				08BE0DB81DE35EA70011E0BB /* WhitehousePetitions */,
			);
		};
/* End PBXProject section */

/* Begin PBXResourcesBuildPhase section */
		08BE0DB71DE35EA70011E0BB /* Resources */ = {
			isa = PBXResourcesBuildPhase;
			buildActionMask = 2147483647;
			files = (
				08BE0DC71DE35EA70011E0BB /* LaunchScreen.storyboard in Resources */,
				08BE0DC41DE35EA70011E0BB /* Assets.xcassets in Resources */,
				08BE0DC21DE35EA70011E0BB /* Main.storyboard in Resources */,
			);
			runOnlyForDeploymentPostprocessing = 0;
		};
/* End PBXResourcesBuildPhase section */

/* Begin PBXSourcesBuildPhase section */
		08BE0DB51DE35EA70011E0BB /* Sources */ = {
			isa = PBXSourcesBuildPhase;
			buildActionMask = 2147483647;
			files = (
				08BE0DD11DE3810B0011E0BB /* SwiftyJSON.swift in Sources */,
				08BE0DCF1DE379C80011E0BB /* TableViewController.swift in Sources */,
				08BE0DBD1DE35EA70011E0BB /* AppDelegate.swift in Sources */,
			);
			runOnlyForDeploymentPostprocessing = 0;
		};
/* End PBXSourcesBuildPhase section */

/* Begin PBXVariantGroup section */
		08BE0DC01DE35EA70011E0BB /* Main.storyboard */ = {
			isa = PBXVariantGroup;
			children = (
				08BE0DC11DE35EA70011E0BB /* Base */,
			);
			name = Main.storyboard;
			sourceTree = "<group>";
		};
		08BE0DC51DE35EA70011E0BB /* LaunchScreen.storyboard */ = {
			isa = PBXVariantGroup;
			children = (
				08BE0DC61DE35EA70011E0BB /* Base */,
			);
			name = LaunchScreen.storyboard;
			sourceTree = "<group>";
		};
/* End PBXVariantGroup section */

/* Begin XCBuildConfiguration section */
		08BE0DC91DE35EA70011E0BB /* Debug */ = {
			isa = XCBuildConfiguration;
			buildSettings = {
				ALWAYS_SEARCH_USER_PATHS = NO;
				CLANG_ANALYZER_NONNULL = YES;
				CLANG_CXX_LANGUAGE_STANDARD = "gnu++0x";
				CLANG_CXX_LIBRARY = "libc++";
				CLANG_ENABLE_MODULES = YES;
				CLANG_ENABLE_OBJC_ARC = YES;
				CLANG_WARN_BOOL_CONVERSION = YES;
				CLANG_WARN_CONSTANT_CONVERSION = YES;
				CLANG_WARN_DIRECT_OBJC_ISA_USAGE = YES_ERROR;
				CLANG_WARN_DOCUMENTATION_COMMENTS = YES;
				CLANG_WARN_EMPTY_BODY = YES;
				CLANG_WARN_ENUM_CONVERSION = YES;
				CLANG_WARN_INFINITE_RECURSION = YES;
				CLANG_WARN_INT_CONVERSION = YES;
				CLANG_WARN_OBJC_ROOT_CLASS = YES_ERROR;
				CLANG_WARN_SUSPICIOUS_MOVES = YES;
				CLANG_WARN_UNREACHABLE_CODE = YES;
				CLANG_WARN__DUPLICATE_METHOD_MATCH = YES;
				"CODE_SIGN_IDENTITY[sdk=iphoneos*]" = "iPhone Developer";
				COPY_PHASE_STRIP = NO;
				DEBUG_INFORMATION_FORMAT = dwarf;
				ENABLE_STRICT_OBJC_MSGSEND = YES;
				ENABLE_TESTABILITY = YES;
				GCC_C_LANGUAGE_STANDARD = gnu99;
				GCC_DYNAMIC_NO_PIC = NO;
				GCC_NO_COMMON_BLOCKS = YES;
				GCC_OPTIMIZATION_LEVEL = 0;
				GCC_PREPROCESSOR_DEFINITIONS = (
					"DEBUG=1",
					"$(inherited)",
				);
				GCC_WARN_64_TO_32_BIT_CONVERSION = YES;
				GCC_WARN_ABOUT_RETURN_TYPE = YES_ERROR;
				GCC_WARN_UNDECLARED_SELECTOR = YES;
				GCC_WARN_UNINITIALIZED_AUTOS = YES_AGGRESSIVE;
				GCC_WARN_UNUSED_FUNCTION = YES;
				GCC_WARN_UNUSED_VARIABLE = YES;
				IPHONEOS_DEPLOYMENT_TARGET = 10.1;
				MTL_ENABLE_DEBUG_INFO = YES;
				ONLY_ACTIVE_ARCH = YES;
				SDKROOT = iphoneos;
				SWIFT_ACTIVE_COMPILATION_CONDITIONS = DEBUG;
				SWIFT_OPTIMIZATION_LEVEL = "-Onone";
			};
			name = Debug;
		};
		08BE0DCA1DE35EA70011E0BB /* Release */ = {
			isa = XCBuildConfiguration;
			buildSettings = {
				ALWAYS_SEARCH_USER_PATHS = NO;
				CLANG_ANALYZER_NONNULL = YES;
				CLANG_CXX_LANGUAGE_STANDARD = "gnu++0x";
				CLANG_CXX_LIBRARY = "libc++";
				CLANG_ENABLE_MODULES = YES;
				CLANG_ENABLE_OBJC_ARC = YES;
				CLANG_WARN_BOOL_CONVERSION = YES;
				CLANG_WARN_CONSTANT_CONVERSION = YES;
				CLANG_WARN_DIRECT_OBJC_ISA_USAGE = YES_ERROR;
				CLANG_WARN_DOCUMENTATION_COMMENTS = YES;
				CLANG_WARN_EMPTY_BODY = YES;
				CLANG_WARN_ENUM_CONVERSION = YES;
				CLANG_WARN_INFINITE_RECURSION = YES;
				CLANG_WARN_INT_CONVERSION = YES;
				CLANG_WARN_OBJC_ROOT_CLASS = YES_ERROR;
				CLANG_WARN_SUSPICIOUS_MOVES = YES;
				CLANG_WARN_UNREACHABLE_CODE = YES;
				CLANG_WARN__DUPLICATE_METHOD_MATCH = YES;
				"CODE_SIGN_IDENTITY[sdk=iphoneos*]" = "iPhone Developer";
				COPY_PHASE_STRIP = NO;
				DEBUG_INFORMATION_FORMAT = "dwarf-with-dsym";
				ENABLE_NS_ASSERTIONS = NO;
				ENABLE_STRICT_OBJC_MSGSEND = YES;
				GCC_C_LANGUAGE_STANDARD = gnu99;
				GCC_NO_COMMON_BLOCKS = YES;
				GCC_WARN_64_TO_32_BIT_CONVERSION = YES;
				GCC_WARN_ABOUT_RETURN_TYPE = YES_ERROR;
				GCC_WARN_UNDECLARED_SELECTOR = YES;
				GCC_WARN_UNINITIALIZED_AUTOS = YES_AGGRESSIVE;
				GCC_WARN_UNUSED_FUNCTION = YES;
				GCC_WARN_UNUSED_VARIABLE = YES;
				IPHONEOS_DEPLOYMENT_TARGET = 10.1;
				MTL_ENABLE_DEBUG_INFO = NO;
				SDKROOT = iphoneos;
				SWIFT_OPTIMIZATION_LEVEL = "-Owholemodule";
				VALIDATE_PRODUCT = YES;
			};
			name = Release;
		};
		08BE0DCC1DE35EA70011E0BB /* Debug */ = {
			isa = XCBuildConfiguration;
			buildSettings = {
				ASSETCATALOG_COMPILER_APPICON_NAME = AppIcon;
				DEVELOPMENT_TEAM = Y7QY22UYMJ;
				INFOPLIST_FILE = WhitehousePetitions/Info.plist;
				LD_RUNPATH_SEARCH_PATHS = "$(inherited) @executable_path/Frameworks";
				PRODUCT_BUNDLE_IDENTIFIER = com.dendden.WhitehousePetitions;
				PRODUCT_NAME = "$(TARGET_NAME)";
				SWIFT_VERSION = 3.0;
			};
			name = Debug;
		};
		08BE0DCD1DE35EA70011E0BB /* Release */ = {
			isa = XCBuildConfiguration;
			buildSettings = {
				ASSETCATALOG_COMPILER_APPICON_NAME = AppIcon;
				DEVELOPMENT_TEAM = Y7QY22UYMJ;
				INFOPLIST_FILE = WhitehousePetitions/Info.plist;
				LD_RUNPATH_SEARCH_PATHS = "$(inherited) @executable_path/Frameworks";
				PRODUCT_BUNDLE_IDENTIFIER = com.dendden.WhitehousePetitions;
				PRODUCT_NAME = "$(TARGET_NAME)";
				SWIFT_VERSION = 3.0;
			};
			name = Release;
		};
/* End XCBuildConfiguration section */

/* Begin XCConfigurationList section */
		08BE0DB41DE35EA70011E0BB /* Build configuration list for PBXProject "WhitehousePetitions" */ = {
			isa = XCConfigurationList;
			buildConfigurations = (
				08BE0DC91DE35EA70011E0BB /* Debug */,
				08BE0DCA1DE35EA70011E0BB /* Release */,
			);
			defaultConfigurationIsVisible = 0;
			defaultConfigurationName = Release;
		};
		08BE0DCB1DE35EA70011E0BB /* Build configuration list for PBXNativeTarget "WhitehousePetitions" */ = {
			isa = XCConfigurationList;
			buildConfigurations = (
				08BE0DCC1DE35EA70011E0BB /* Debug */,
				08BE0DCD1DE35EA70011E0BB /* Release */,
			);
			defaultConfigurationIsVisible = 0;
		};
/* End XCConfigurationList section */
	};
	rootObject = 08BE0DB11DE35EA70011E0BB /* Project object */;
}
